
Microsoft Visual Studio Solution File, Format Version 12.00
# Visual Studio Version 17
VisualStudioVersion = 17.7.34202.233
MinimumVisualStudioVersion = 10.0.40219.1
Project("{FAE04EC0-301F-11D3-BF4B-00C04F79EFBC}") = "QLBH", "QLBH\QLBH.csproj", "{71DA676D-FAA2-4366-948C-50B3F4EEB3F0}"
EndProject
Global
	GlobalSection(SolutionConfigurationPlatforms) = preSolution
		Debug|Any CPU = Debug|Any CPU
		Release|Any CPU = Release|Any CPU
	EndGlobalSection
	GlobalSection(ProjectConfigurationPlatforms) = postSolution
		{71DA676D-FAA2-4366-948C-50B3F4EEB3F0}.Debug|Any CPU.ActiveCfg = Debug|Any CPU
		{71DA676D-FAA2-4366-948C-50B3F4EEB3F0}.Debug|Any CPU.Build.0 = Debug|Any CPU
		{71DA676D-FAA2-4366-948C-50B3F4EEB3F0}.Release|Any CPU.ActiveCfg = Release|Any CPU
		{71DA676D-FAA2-4366-948C-50B3F4EEB3F0}.Release|Any CPU.Build.0 = Release|Any CPU
	EndGlobalSection
	GlobalSection(SolutionProperties) = preSolution
		HideSolutionNode = FALSE
	EndGlobalSection
	GlobalSection(ExtensibilityGlobals) = postSolution
		SolutionGuid = {91083AE8-CF40-4597-8D47-EB9BD3A1C067}
	EndGlobalSection
EndGlobal
